
Microsoft Visual Studio Solution File, Format Version 12.00
# Visual Studio Version 17
VisualStudioVersion = 17.7.34031.279
MinimumVisualStudioVersion = 10.0.40219.1
Project("{FAE04EC0-301F-11D3-BF4B-00C04F79EFBC}") = "Genomgång 1 grund", "Genomgång 1 grund\Genomgång 1 grund.csproj", "{59C0A419-1926-4C63-AB7B-02AD3759A5F7}"
EndProject
Global
	GlobalSection(SolutionConfigurationPlatforms) = preSolution
		Debug|Any CPU = Debug|Any CPU
		Release|Any CPU = Release|Any CPU
	EndGlobalSection
	GlobalSection(ProjectConfigurationPlatforms) = postSolution
		{59C0A419-1926-4C63-AB7B-02AD3759A5F7}.Debug|Any CPU.ActiveCfg = Debug|Any CPU
		{59C0A419-1926-4C63-AB7B-02AD3759A5F7}.Debug|Any CPU.Build.0 = Debug|Any CPU
		{59C0A419-1926-4C63-AB7B-02AD3759A5F7}.Release|Any CPU.ActiveCfg = Release|Any CPU
		{59C0A419-1926-4C63-AB7B-02AD3759A5F7}.Release|Any CPU.Build.0 = Release|Any CPU
	EndGlobalSection
	GlobalSection(SolutionProperties) = preSolution
		HideSolutionNode = FALSE
	EndGlobalSection
	GlobalSection(ExtensibilityGlobals) = postSolution
		SolutionGuid = {2683651B-67AB-42BA-AE38-26C695FEDD38}
	EndGlobalSection
EndGlobal
