
Microsoft Visual Studio Solution File, Format Version 12.00
# Visual Studio Version 17
VisualStudioVersion = 17.7.34031.279
MinimumVisualStudioVersion = 10.0.40219.1
Project("{FAE04EC0-301F-11D3-BF4B-00C04F79EFBC}") = "uppgift 6", "uppgift 6\uppgift 6.csproj", "{FA339F3C-1306-4945-8DDD-446EF3C1FFB5}"
EndProject
Global
	GlobalSection(SolutionConfigurationPlatforms) = preSolution
		Debug|Any CPU = Debug|Any CPU
		Release|Any CPU = Release|Any CPU
	EndGlobalSection
	GlobalSection(ProjectConfigurationPlatforms) = postSolution
		{FA339F3C-1306-4945-8DDD-446EF3C1FFB5}.Debug|Any CPU.ActiveCfg = Debug|Any CPU
		{FA339F3C-1306-4945-8DDD-446EF3C1FFB5}.Debug|Any CPU.Build.0 = Debug|Any CPU
		{FA339F3C-1306-4945-8DDD-446EF3C1FFB5}.Release|Any CPU.ActiveCfg = Release|Any CPU
		{FA339F3C-1306-4945-8DDD-446EF3C1FFB5}.Release|Any CPU.Build.0 = Release|Any CPU
	EndGlobalSection
	GlobalSection(SolutionProperties) = preSolution
		HideSolutionNode = FALSE
	EndGlobalSection
	GlobalSection(ExtensibilityGlobals) = postSolution
		SolutionGuid = {040A3E77-388C-4A20-97C0-D55E6E95A3B7}
	EndGlobalSection
EndGlobal
