
Microsoft Visual Studio Solution File, Format Version 12.00
# Visual Studio Version 17
VisualStudioVersion = 17.7.34031.279
MinimumVisualStudioVersion = 10.0.40219.1
Project("{FAE04EC0-301F-11D3-BF4B-00C04F79EFBC}") = "Uppgift4", "Uppgift4\Uppgift4.csproj", "{2C18E4A6-9696-4497-88F7-589B685701F6}"
EndProject
Global
	GlobalSection(SolutionConfigurationPlatforms) = preSolution
		Debug|Any CPU = Debug|Any CPU
		Release|Any CPU = Release|Any CPU
	EndGlobalSection
	GlobalSection(ProjectConfigurationPlatforms) = postSolution
		{2C18E4A6-9696-4497-88F7-589B685701F6}.Debug|Any CPU.ActiveCfg = Debug|Any CPU
		{2C18E4A6-9696-4497-88F7-589B685701F6}.Debug|Any CPU.Build.0 = Debug|Any CPU
		{2C18E4A6-9696-4497-88F7-589B685701F6}.Release|Any CPU.ActiveCfg = Release|Any CPU
		{2C18E4A6-9696-4497-88F7-589B685701F6}.Release|Any CPU.Build.0 = Release|Any CPU
	EndGlobalSection
	GlobalSection(SolutionProperties) = preSolution
		HideSolutionNode = FALSE
	EndGlobalSection
	GlobalSection(ExtensibilityGlobals) = postSolution
		SolutionGuid = {1315C315-33BB-498F-9180-F50CC18BF143}
	EndGlobalSection
EndGlobal
