
Microsoft Visual Studio Solution File, Format Version 12.00
# Visual Studio Version 17
VisualStudioVersion = 17.7.34031.279
MinimumVisualStudioVersion = 10.0.40219.1
Project("{FAE04EC0-301F-11D3-BF4B-00C04F79EFBC}") = "Uppgift2", "Uppgift2\Uppgift2.csproj", "{CBB3CF35-851A-428B-B73D-DEEE2710AE3D}"
EndProject
Global
	GlobalSection(SolutionConfigurationPlatforms) = preSolution
		Debug|Any CPU = Debug|Any CPU
		Release|Any CPU = Release|Any CPU
	EndGlobalSection
	GlobalSection(ProjectConfigurationPlatforms) = postSolution
		{CBB3CF35-851A-428B-B73D-DEEE2710AE3D}.Debug|Any CPU.ActiveCfg = Debug|Any CPU
		{CBB3CF35-851A-428B-B73D-DEEE2710AE3D}.Debug|Any CPU.Build.0 = Debug|Any CPU
		{CBB3CF35-851A-428B-B73D-DEEE2710AE3D}.Release|Any CPU.ActiveCfg = Release|Any CPU
		{CBB3CF35-851A-428B-B73D-DEEE2710AE3D}.Release|Any CPU.Build.0 = Release|Any CPU
	EndGlobalSection
	GlobalSection(SolutionProperties) = preSolution
		HideSolutionNode = FALSE
	EndGlobalSection
	GlobalSection(ExtensibilityGlobals) = postSolution
		SolutionGuid = {318BA5B5-B80D-4C24-A775-152EF1BB3FC9}
	EndGlobalSection
EndGlobal
